
Microsoft Visual Studio Solution File, Format Version 12.00
# Visual Studio Version 17
VisualStudioVersion = 17.12.35707.178
MinimumVisualStudioVersion = 10.0.40219.1
Project("{FAE04EC0-301F-11D3-BF4B-00C04F79EFBC}") = "Bookstore", "Bookstore\Bookstore.csproj", "{4430DBD8-2B05-4886-8594-24A51A9CC863}"
EndProject
Project("{2150E333-8FDC-42A3-9474-1A3956D46DE8}") = "Solution Items", "Solution Items", "{07649C1B-9717-4225-9900-900E1044246D}"
EndProject
Global
	GlobalSection(SolutionConfigurationPlatforms) = preSolution
		Debug|Any CPU = Debug|Any CPU
		Release|Any CPU = Release|Any CPU
	EndGlobalSection
	GlobalSection(ProjectConfigurationPlatforms) = postSolution
		{4430DBD8-2B05-4886-8594-24A51A9CC863}.Debug|Any CPU.ActiveCfg = Debug|Any CPU
		{4430DBD8-2B05-4886-8594-24A51A9CC863}.Debug|Any CPU.Build.0 = Debug|Any CPU
		{4430DBD8-2B05-4886-8594-24A51A9CC863}.Release|Any CPU.ActiveCfg = Release|Any CPU
		{4430DBD8-2B05-4886-8594-24A51A9CC863}.Release|Any CPU.Build.0 = Release|Any CPU
	EndGlobalSection
	GlobalSection(SolutionProperties) = preSolution
		HideSolutionNode = FALSE
	EndGlobalSection
EndGlobal
